
Microsoft Visual Studio Solution File, Format Version 12.00
# Visual Studio Version 17
VisualStudioVersion = 17.5.33530.505
MinimumVisualStudioVersion = 10.0.40219.1
Project("{9A19103F-16F7-4668-BE54-9A1E7A4F7556}") = "microcmdb", "microcmdb\microcmdb.csproj", "{63A5CE73-144B-4699-911A-9951B7451B09}"
EndProject
Global
	GlobalSection(SolutionConfigurationPlatforms) = preSolution
		Debug|Any CPU = Debug|Any CPU
		Release|Any CPU = Release|Any CPU
	EndGlobalSection
	GlobalSection(ProjectConfigurationPlatforms) = postSolution
		{63A5CE73-144B-4699-911A-9951B7451B09}.Debug|Any CPU.ActiveCfg = Debug|Any CPU
		{63A5CE73-144B-4699-911A-9951B7451B09}.Debug|Any CPU.Build.0 = Debug|Any CPU
		{63A5CE73-144B-4699-911A-9951B7451B09}.Release|Any CPU.ActiveCfg = Release|Any CPU
		{63A5CE73-144B-4699-911A-9951B7451B09}.Release|Any CPU.Build.0 = Release|Any CPU
		{488656BD-49F1-401F-96A7-B745D1C14FD5}.Debug|Any CPU.ActiveCfg = Debug|Any CPU
		{488656BD-49F1-401F-96A7-B745D1C14FD5}.Debug|Any CPU.Build.0 = Debug|Any CPU
		{488656BD-49F1-401F-96A7-B745D1C14FD5}.Release|Any CPU.ActiveCfg = Release|Any CPU
		{488656BD-49F1-401F-96A7-B745D1C14FD5}.Release|Any CPU.Build.0 = Release|Any CPU
	EndGlobalSection
	GlobalSection(SolutionProperties) = preSolution
		HideSolutionNode = FALSE
	EndGlobalSection
	GlobalSection(ExtensibilityGlobals) = postSolution
		SolutionGuid = {A03887CD-828B-4E73-BC03-9E6209AD3511}
	EndGlobalSection
EndGlobal
